{
  "name": "eggdemos",
  "version": "1.0.0",
  "lockfileVersion": 1,
  "requires": true,
  "dependencies": {
    "egg": {
      "version": "2.25.0",
      "resolved": "https://registry.npm.taobao.org/egg/download/egg-2.25.0.tgz",
      "requires": {
        "koa-is-json": "^1.0.0"
      },
      "dependencies": {
        "@types/accepts": {
          "version": "https://registry.npm.taobao.org/@types/accepts/download/@types/accepts-1.3.5.tgz",
          "bundled": true
        },
        "@types/koa": {
          "version": "https://registry.npm.taobao.org/@types/koa/download/@types/koa-2.0.52.tgz",
          "bundled": true,
          "dependencies": {
            "@types/accepts": {
              "version": "https://registry.npm.taobao.org/@types/accepts/download/@types/accepts-1.3.5.tgz",
              "bundled": true,
              "dependencies": {
                "@types/node": {
                  "version": "https://registry.npm.taobao.org/@types/node/download/@types/node-12.12.12.tgz",
                  "bundled": true
                }
              }
            },
            "@types/cookies": {
              "version": "https://registry.npm.taobao.org/@types/cookies/download/@types/cookies-0.7.4.tgz",
              "bundled": true
            },
            "@types/http-assert": {
              "version": "https://registry.npm.taobao.org/@types/http-assert/download/@types/http-assert-1.5.1.tgz",
              "bundled": true
            },
            "@types/keygrip": {
              "version": "https://registry.npm.taobao.org/@types/keygrip/download/@types/keygrip-1.0.1.tgz",
              "bundled": true
            },
            "@types/koa-compose": {
              "version": "https://registry.npm.taobao.org/@types/koa-compose/download/@types/koa-compose-3.2.5.tgz",
              "bundled": true,
              "dependencies": {
                "@types/koa": {
                  "version": "https://registry.npm.taobao.org/@types/koa/download/@types/koa-2.0.52.tgz",
                  "bundled": true,
                  "dependencies": {
                    "@types/accepts": {
                      "version": "https://registry.npm.taobao.org/@types/accepts/download/@types/accepts-1.3.5.tgz",
                      "bundled": true,
                      "dependencies": {}
                    },
                    "@types/cookies": {
                      "version": "https://registry.npm.taobao.org/@types/cookies/download/@types/cookies-0.7.4.tgz",
                      "bundled": true
                    },
                    "@types/http-assert": {
                      "version": "https://registry.npm.taobao.org/@types/http-assert/download/@types/http-assert-1.5.1.tgz",
                      "bundled": true
                    },
                    "@types/keygrip": {
                      "version": "https://registry.npm.taobao.org/@types/keygrip/download/@types/keygrip-1.0.1.tgz",
                      "bundled": true
                    },
                    "@types/koa-compose": {
                      "version": "https://registry.npm.taobao.org/@types/koa-compose/download/@types/koa-compose-3.2.5.tgz",
                      "bundled": true,
                      "dependencies": {}
                    },
                    "@types/node": {
                      "version": "https://registry.npm.taobao.org/@types/node/download/@types/node-12.12.12.tgz",
                      "bundled": true
                    }
                  }
                }
              }
            },
            "@types/node": {
              "version": "https://registry.npm.taobao.org/@types/node/download/@types/node-12.12.12.tgz",
              "bundled": true
            }
          }
        },
        "@types/koa-router": {
          "version": "https://registry.npm.taobao.org/@types/koa-router/download/@types/koa-router-7.0.42.tgz",
          "bundled": true,
          "dependencies": {
            "@types/koa": {
              "version": "https://registry.npm.taobao.org/@types/koa/download/@types/koa-2.0.52.tgz",
              "bundled": true,
              "dependencies": {
                "@types/accepts": {
                  "version": "https://registry.npm.taobao.org/@types/accepts/download/@types/accepts-1.3.5.tgz",
                  "bundled": true,
                  "dependencies": {}
                },
                "@types/cookies": {
                  "version": "https://registry.npm.taobao.org/@types/cookies/download/@types/cookies-0.7.4.tgz",
                  "bundled": true
                },
                "@types/http-assert": {
                  "version": "https://registry.npm.taobao.org/@types/http-assert/download/@types/http-assert-1.5.1.tgz",
                  "bundled": true
                },
                "@types/keygrip": {
                  "version": "https://registry.npm.taobao.org/@types/keygrip/download/@types/keygrip-1.0.1.tgz",
                  "bundled": true
                },
                "@types/koa-compose": {
                  "version": "https://registry.npm.taobao.org/@types/koa-compose/download/@types/koa-compose-3.2.5.tgz",
                  "bundled": true,
                  "dependencies": {}
                },
                "@types/node": {
                  "version": "https://registry.npm.taobao.org/@types/node/download/@types/node-12.12.12.tgz",
                  "bundled": true
                }
              }
            }
          }
        },
        "accepts": {
          "version": "https://registry.npm.taobao.org/accepts/download/accepts-1.3.7.tgz",
          "bundled": true,
          "dependencies": {
            "mime-types": {
              "version": "https://registry.npm.taobao.org/mime-types/download/mime-types-2.1.25.tgz",
              "bundled": true
            },
            "negotiator": {
              "version": "https://registry.npm.taobao.org/negotiator/download/negotiator-0.6.2.tgz",
              "bundled": true
            }
          }
        },
        "agentkeepalive": {
          "version": "https://registry.npm.taobao.org/agentkeepalive/download/agentkeepalive-4.1.0.tgz?cache=0&sync_timestamp=1570869777482&other_urls=https%3A%2F%2Fregistry.npm.taobao.org%2Fagentkeepalive%2Fdownload%2Fagentkeepalive-4.1.0.tgz",
          "bundled": true
        },
        "cache-content-type": {
          "version": "https://registry.npm.taobao.org/cache-content-type/download/cache-content-type-1.0.1.tgz",
          "bundled": true,
          "dependencies": {
            "mime-types": {
              "version": "https://registry.npm.taobao.org/mime-types/download/mime-types-2.1.25.tgz",
              "bundled": true,
              "dependencies": {
                "mime-db": {
                  "version": "https://registry.npm.taobao.org/mime-db/download/mime-db-1.42.0.tgz?cache=0&sync_timestamp=1569468742433&other_urls=https%3A%2F%2Fregistry.npm.taobao.org%2Fmime-db%2Fdownload%2Fmime-db-1.42.0.tgz"
                }
              }
            },
            "ylru": {
              "version": "https://registry.npm.taobao.org/ylru/download/ylru-1.2.1.tgz",
              "bundled": true
            }
          }
        },
        "circular-json-for-egg": {
          "version": "https://registry.npm.taobao.org/circular-json-for-egg/download/circular-json-for-egg-1.0.0.tgz",
          "bundled": true
        },
        "cluster-client": {
          "version": "https://registry.npm.taobao.org/cluster-client/download/cluster-client-3.0.1.tgz",
          "bundled": true,
          "dependencies": {
            "byte": {
              "version": "https://registry.npm.taobao.org/byte/download/byte-2.0.0.tgz"
            },
            "co": {
              "version": "https://registry.npm.taobao.org/co/download/co-4.6.0.tgz"
            },
            "debug": {
              "version": "https://registry.npm.taobao.org/debug/download/debug-4.1.1.tgz",
              "dependencies": {
                "ms": {
                  "version": "https://registry.npm.taobao.org/ms/download/ms-2.1.2.tgz",
                  "bundled": true
                }
              }
            },
            "egg-logger": {
              "version": "https://registry.npm.taobao.org/egg-logger/download/egg-logger-2.4.1.tgz"
            },
            "is-type-of": {
              "version": "https://registry.npm.taobao.org/is-type-of/download/is-type-of-1.2.1.tgz",
              "dependencies": {
                "core-util-is": {
                  "version": "https://registry.npm.taobao.org/core-util-is/download/core-util-is-1.0.2.tgz",
                  "bundled": true
                },
                "is-class-hotfix": {
                  "version": "https://registry.npm.taobao.org/is-class-hotfix/download/is-class-hotfix-0.0.6.tgz",
                  "bundled": true
                },
                "isstream": {
                  "version": "https://registry.npm.taobao.org/isstream/download/isstream-0.1.2.tgz",
                  "bundled": true
                }
              }
            },
            "json-stringify-safe": {
              "version": "https://registry.npm.taobao.org/json-stringify-safe/download/json-stringify-safe-5.0.1.tgz"
            },
            "long": {
              "version": "https://registry.npm.taobao.org/long/download/long-4.0.0.tgz"
            },
            "mz-modules": {
              "version": "https://registry.npm.taobao.org/mz-modules/download/mz-modules-2.1.0.tgz",
              "dependencies": {
                "glob": {
                  "version": "https://registry.npm.taobao.org/glob/download/glob-7.1.6.tgz?cache=0&sync_timestamp=1573078079496&other_urls=https%3A%2F%2Fregistry.npm.taobao.org%2Fglob%2Fdownload%2Fglob-7.1.6.tgz",
                  "dependencies": {
                    "fs.realpath": {
                      "version": "https://registry.npm.taobao.org/fs.realpath/download/fs.realpath-1.0.0.tgz"
                    },
                    "inflight": {
                      "version": "https://registry.npm.taobao.org/inflight/download/inflight-1.0.6.tgz"
                    },
                    "inherits": {
                      "version": "https://registry.npm.taobao.org/inherits/download/inherits-2.0.4.tgz"
                    },
                    "minimatch": {
                      "version": "https://registry.npm.taobao.org/minimatch/download/minimatch-3.0.4.tgz",
                      "dependencies": {
                        "brace-expansion": {
                          "version": "https://registry.npm.taobao.org/brace-expansion/download/brace-expansion-1.1.11.tgz"
                        }
                      }
                    },
                    "once": {
                      "version": "https://registry.npm.taobao.org/once/download/once-1.4.0.tgz",
                      "dependencies": {
                        "wrappy": {
                          "version": "https://registry.npm.taobao.org/wrappy/download/wrappy-1.0.2.tgz",
                          "bundled": true
                        }
                      }
                    },
                    "path-is-absolute": {
                      "version": "https://registry.npm.taobao.org/path-is-absolute/download/path-is-absolute-1.0.1.tgz"
                    }
                  }
                },
                "ko-sleep": {
                  "version": "https://registry.npm.taobao.org/ko-sleep/download/ko-sleep-1.0.3.tgz"
                },
                "mkdirp": {
                  "version": "https://registry.npm.taobao.org/mkdirp/download/mkdirp-0.5.1.tgz",
                  "dependencies": {
                    "minimist": {
                      "version": "https://registry.npm.taobao.org/minimist/download/minimist-0.0.8.tgz"
                    }
                  }
                },
                "pump": {
                  "version": "https://registry.npm.taobao.org/pump/download/pump-3.0.0.tgz"
                },
                "rimraf": {
                  "version": "https://registry.npm.taobao.org/rimraf/download/rimraf-2.7.1.tgz?cache=0&sync_timestamp=1569342479629&other_urls=https%3A%2F%2Fregistry.npm.taobao.org%2Frimraf%2Fdownload%2Frimraf-2.7.1.tgz",
                  "dependencies": {
                    "glob": {
                      "version": "https://registry.npm.taobao.org/glob/download/glob-7.1.6.tgz?cache=0&sync_timestamp=1573078079496&other_urls=https%3A%2F%2Fregistry.npm.taobao.org%2Fglob%2Fdownload%2Fglob-7.1.6.tgz",
                      "dependencies": {
                        "fs.realpath": {
                          "version": "https://registry.npm.taobao.org/fs.realpath/download/fs.realpath-1.0.0.tgz"
                        },
                        "inflight": {
                          "version": "https://registry.npm.taobao.org/inflight/download/inflight-1.0.6.tgz"
                        },
                        "inherits": {
                          "version": "https://registry.npm.taobao.org/inherits/download/inherits-2.0.4.tgz"
                        },
                        "minimatch": {
                          "version": "https://registry.npm.taobao.org/minimatch/download/minimatch-3.0.4.tgz",
                          "dependencies": {}
                        },
                        "once": {
                          "version": "https://registry.npm.taobao.org/once/download/once-1.4.0.tgz",
                          "dependencies": {}
                        },
                        "path-is-absolute": {
                          "version": "https://registry.npm.taobao.org/path-is-absolute/download/path-is-absolute-1.0.1.tgz"
                        }
                      }
                    }
                  }
                }
              }
            },
            "sdk-base": {
              "version": "https://registry.npm.taobao.org/sdk-base/download/sdk-base-3.6.0.tgz"
            },
            "serialize-json": {
              "version": "https://registry.npm.taobao.org/serialize-json/download/serialize-json-1.0.3.tgz"
            },
            "tcp-base": {
              "version": "https://registry.npm.taobao.org/tcp-base/download/tcp-base-3.1.0.tgz"
            },
            "utility": {
              "version": "https://registry.npm.taobao.org/utility/download/utility-1.16.3.tgz?cache=0&sync_timestamp=1574243892588&other_urls=https%3A%2F%2Fregistry.npm.taobao.org%2Futility%2Fdownload%2Futility-1.16.3.tgz",
              "dependencies": {
                "copy-to": {
                  "version": "https://registry.npm.taobao.org/copy-to/download/copy-to-2.0.1.tgz"
                },
                "escape-html": {
                  "version": "https://registry.npm.taobao.org/escape-html/download/escape-html-1.0.3.tgz"
                },
                "mkdirp": {
                  "version": "https://registry.npm.taobao.org/mkdirp/download/mkdirp-0.5.1.tgz"
                },
                "mz": {
                  "version": "https://registry.npm.taobao.org/mz/download/mz-2.7.0.tgz"
                },
                "unescape": {
                  "version": "https://registry.npm.taobao.org/unescape/download/unescape-1.0.1.tgz",
                  "dependencies": {
                    "extend-shallow": {
                      "version": "https://registry.npm.taobao.org/extend-shallow/download/extend-shallow-2.0.1.tgz",
                      "bundled": true,
                      "dependencies": {
                        "is-extendable": {
                          "version": "https://registry.npm.taobao.org/is-extendable/download/is-extendable-0.1.1.tgz"
                        }
                      }
                    }
                  }
                }
              }
            }
          }
        },
        "debug": {
          "version": "https://registry.npm.taobao.org/debug/download/debug-4.1.1.tgz",
          "bundled": true,
          "dependencies": {
            "ms": {
              "version": "https://registry.npm.taobao.org/ms/download/ms-2.1.2.tgz",
              "bundled": true
            }
          }
        },
        "delegates": {
          "version": "https://registry.npm.taobao.org/delegates/download/delegates-1.0.0.tgz",
          "bundled": true
        },
        "egg-cluster": {
          "version": "https://registry.npm.taobao.org/egg-cluster/download/egg-cluster-1.26.0.tgz",
          "bundled": true
        },
        "egg-cookies": {
          "version": "https://registry.npm.taobao.org/egg-cookies/download/egg-cookies-2.2.7.tgz",
          "bundled": true
        },
        "egg-core": {
          "version": "https://registry.npm.taobao.org/egg-core/download/egg-core-4.17.3.tgz",
          "bundled": true
        },
        "egg-development": {
          "version": "https://registry.npm.taobao.org/egg-development/download/egg-development-2.4.3.tgz",
          "bundled": true
        },
        "egg-i18n": {
          "version": "https://registry.npm.taobao.org/egg-i18n/download/egg-i18n-2.1.1.tgz",
          "bundled": true
        },
        "egg-jsonp": {
          "version": "https://registry.npm.taobao.org/egg-jsonp/download/egg-jsonp-2.0.0.tgz",
          "bundled": true
        },
        "egg-logger": {
          "version": "https://registry.npm.taobao.org/egg-logger/download/egg-logger-2.4.1.tgz",
          "bundled": true,
          "dependencies": {
            "chalk": {
              "version": "https://registry.npm.taobao.org/chalk/download/chalk-2.4.2.tgz?cache=0&sync_timestamp=1573282918610&other_urls=https%3A%2F%2Fregistry.npm.taobao.org%2Fchalk%2Fdownload%2Fchalk-2.4.2.tgz",
              "bundled": true,
              "dependencies": {
                "ansi-styles": {
                  "version": "https://registry.npm.taobao.org/ansi-styles/download/ansi-styles-3.2.1.tgz?cache=0&sync_timestamp=1573557674483&other_urls=https%3A%2F%2Fregistry.npm.taobao.org%2Fansi-styles%2Fdownload%2Fansi-styles-3.2.1.tgz",
                  "bundled": true
                },
                "escape-string-regexp": {
                  "version": "https://registry.npm.taobao.org/escape-string-regexp/download/escape-string-regexp-1.0.5.tgz",
                  "bundled": true
                },
                "supports-color": {
                  "version": "https://registry.npm.taobao.org/supports-color/download/supports-color-5.5.0.tgz?cache=0&other_urls=https%3A%2F%2Fregistry.npm.taobao.org%2Fsupports-color%2Fdownload%2Fsupports-color-5.5.0.tgz",
                  "bundled": true
                }
              }
            },
            "circular-json-for-egg": {
              "version": "https://registry.npm.taobao.org/circular-json-for-egg/download/circular-json-for-egg-1.0.0.tgz",
              "bundled": true
            },
            "debug": {
              "version": "https://registry.npm.taobao.org/debug/download/debug-2.6.9.tgz",
              "bundled": true,
              "dependencies": {
                "ms": {
                  "version": "https://registry.npm.taobao.org/ms/download/ms-2.0.0.tgz"
                }
              }
            },
            "depd": {
              "version": "https://registry.npm.taobao.org/depd/download/depd-2.0.0.tgz",
              "bundled": true
            },
            "iconv-lite": {
              "version": "https://registry.npm.taobao.org/iconv-lite/download/iconv-lite-0.4.24.tgz",
              "bundled": true
            },
            "mkdirp": {
              "version": "https://registry.npm.taobao.org/mkdirp/download/mkdirp-0.5.1.tgz",
              "bundled": true,
              "dependencies": {
                "minimist": {
                  "version": "https://registry.npm.taobao.org/minimist/download/minimist-0.0.8.tgz"
                }
              }
            },
            "utility": {
              "version": "https://registry.npm.taobao.org/utility/download/utility-1.16.3.tgz?cache=0&sync_timestamp=1574243892588&other_urls=https%3A%2F%2Fregistry.npm.taobao.org%2Futility%2Fdownload%2Futility-1.16.3.tgz",
              "bundled": true,
              "dependencies": {
                "copy-to": {
                  "version": "https://registry.npm.taobao.org/copy-to/download/copy-to-2.0.1.tgz"
                },
                "escape-html": {
                  "version": "https://registry.npm.taobao.org/escape-html/download/escape-html-1.0.3.tgz"
                },
                "mkdirp": {
                  "version": "https://registry.npm.taobao.org/mkdirp/download/mkdirp-0.5.1.tgz"
                },
                "mz": {
                  "version": "https://registry.npm.taobao.org/mz/download/mz-2.7.0.tgz"
                },
                "unescape": {
                  "version": "https://registry.npm.taobao.org/unescape/download/unescape-1.0.1.tgz",
                  "dependencies": {}
                }
              }
            }
          }
        },
        "egg-logrotator": {
          "version": "https://registry.npm.taobao.org/egg-logrotator/download/egg-logrotator-3.1.0.tgz",
          "bundled": true
        },
        "egg-multipart": {
          "version": "https://registry.npm.taobao.org/egg-multipart/download/egg-multipart-2.9.1.tgz",
          "bundled": true
        },
        "egg-onerror": {
          "version": "https://registry.npm.taobao.org/egg-onerror/download/egg-onerror-2.1.0.tgz",
          "bundled": true
        },
        "egg-schedule": {
          "version": "https://registry.npm.taobao.org/egg-schedule/download/egg-schedule-3.6.4.tgz",
          "bundled": true
        },
        "egg-security": {
          "version": "https://registry.npm.taobao.org/egg-security/download/egg-security-2.7.1.tgz",
          "bundled": true
        },
        "egg-session": {
          "version": "https://registry.npm.taobao.org/egg-session/download/egg-session-3.1.0.tgz",
          "bundled": true,
          "dependencies": {
            "koa-session": {
              "version": "https://registry.npm.taobao.org/koa-session/download/koa-session-5.12.3.tgz",
              "bundled": true
            }
          }
        },
        "egg-static": {
          "version": "https://registry.npm.taobao.org/egg-static/download/egg-static-2.2.0.tgz",
          "bundled": true
        },
        "egg-view": {
          "version": "https://registry.npm.taobao.org/egg-view/download/egg-view-2.1.2.tgz",
          "bundled": true
        },
        "egg-watcher": {
          "version": "https://registry.npm.taobao.org/egg-watcher/download/egg-watcher-3.1.0.tgz",
          "bundled": true
        },
        "extend2": {
          "version": "https://registry.npm.taobao.org/extend2/download/extend2-1.0.0.tgz",
          "bundled": true
        },
        "graceful": {
          "version": "https://registry.npm.taobao.org/graceful/download/graceful-1.0.2.tgz",
          "bundled": true
        },
        "humanize-ms": {
          "version": "https://registry.npm.taobao.org/humanize-ms/download/humanize-ms-1.2.1.tgz",
          "bundled": true,
          "dependencies": {
            "ms": {
              "version": "https://registry.npm.taobao.org/ms/download/ms-2.1.2.tgz",
              "bundled": true
            }
          }
        },
        "is-type-of": {
          "version": "https://registry.npm.taobao.org/is-type-of/download/is-type-of-1.2.1.tgz",
          "bundled": true,
          "dependencies": {
            "core-util-is": {
              "version": "https://registry.npm.taobao.org/core-util-is/download/core-util-is-1.0.2.tgz",
              "bundled": true
            },
            "is-class-hotfix": {
              "version": "https://registry.npm.taobao.org/is-class-hotfix/download/is-class-hotfix-0.0.6.tgz",
              "bundled": true
            },
            "isstream": {
              "version": "https://registry.npm.taobao.org/isstream/download/isstream-0.1.2.tgz",
              "bundled": true
            }
          }
        },
        "koa-bodyparser": {
          "version": "https://registry.npm.taobao.org/koa-bodyparser/download/koa-bodyparser-4.2.1.tgz",
          "bundled": true
        },
        "koa-is-json": {
          "version": "https://registry.npm.taobao.org/koa-is-json/download/koa-is-json-1.0.0.tgz",
          "bundled": true
        },
        "koa-override": {
          "version": "https://registry.npm.taobao.org/koa-override/download/koa-override-3.0.0.tgz",
          "bundled": true
        },
        "ms": {
          "version": "https://registry.npm.taobao.org/ms/download/ms-2.1.2.tgz",
          "bundled": true
        },
        "mz": {
          "version": "https://registry.npm.taobao.org/mz/download/mz-2.7.0.tgz",
          "bundled": true,
          "dependencies": {
            "any-promise": {
              "version": "https://registry.npm.taobao.org/any-promise/download/any-promise-1.3.0.tgz"
            },
            "object-assign": {
              "version": "https://registry.npm.taobao.org/object-assign/download/object-assign-4.1.1.tgz"
            },
            "thenify-all": {
              "version": "https://registry.npm.taobao.org/thenify-all/download/thenify-all-1.6.0.tgz"
            }
          }
        },
        "on-finished": {
          "version": "https://registry.npm.taobao.org/on-finished/download/on-finished-2.3.0.tgz",
          "bundled": true,
          "dependencies": {
            "ee-first": {
              "version": "https://registry.npm.taobao.org/ee-first/download/ee-first-1.1.1.tgz"
            }
          }
        },
        "sendmessage": {
          "version": "https://registry.npm.taobao.org/sendmessage/download/sendmessage-1.1.0.tgz",
          "bundled": true
        },
        "urllib": {
          "version": "https://registry.npm.taobao.org/urllib/download/urllib-2.34.1.tgz",
          "bundled": true,
          "dependencies": {
            "any-promise": {
              "version": "https://registry.npm.taobao.org/any-promise/download/any-promise-1.3.0.tgz",
              "bundled": true
            },
            "content-type": {
              "version": "https://registry.npm.taobao.org/content-type/download/content-type-1.0.4.tgz",
              "bundled": true
            },
            "debug": {
              "version": "https://registry.npm.taobao.org/debug/download/debug-2.6.9.tgz",
              "bundled": true,
              "dependencies": {
                "ms": {
                  "version": "https://registry.npm.taobao.org/ms/download/ms-2.0.0.tgz"
                }
              }
            },
            "default-user-agent": {
              "version": "https://registry.npm.taobao.org/default-user-agent/download/default-user-agent-1.0.0.tgz",
              "bundled": true
            },
            "digest-header": {
              "version": "https://registry.npm.taobao.org/digest-header/download/digest-header-0.0.1.tgz",
              "bundled": true
            },
            "ee-first": {
              "version": "https://registry.npm.taobao.org/ee-first/download/ee-first-1.1.1.tgz",
              "bundled": true
            },
            "formstream": {
              "version": "https://registry.npm.taobao.org/formstream/download/formstream-1.1.0.tgz",
              "bundled": true
            },
            "humanize-ms": {
              "version": "https://registry.npm.taobao.org/humanize-ms/download/humanize-ms-1.2.1.tgz",
              "bundled": true,
              "dependencies": {
                "ms": {
                  "version": "https://registry.npm.taobao.org/ms/download/ms-2.1.2.tgz",
                  "bundled": true
                }
              }
            },
            "iconv-lite": {
              "version": "https://registry.npm.taobao.org/iconv-lite/download/iconv-lite-0.4.24.tgz",
              "bundled": true,
              "dependencies": {
                "safer-buffer": {
                  "version": "https://registry.npm.taobao.org/safer-buffer/download/safer-buffer-2.1.2.tgz",
                  "bundled": true
                }
              }
            },
            "ip": {
              "version": "https://registry.npm.taobao.org/ip/download/ip-1.1.5.tgz",
              "bundled": true
            },
            "proxy-agent": {
              "version": "https://registry.npm.taobao.org/proxy-agent/download/proxy-agent-3.1.1.tgz",
              "bundled": true
            },
            "pump": {
              "version": "https://registry.npm.taobao.org/pump/download/pump-3.0.0.tgz",
              "bundled": true,
              "dependencies": {
                "end-of-stream": {
                  "version": "https://registry.npm.taobao.org/end-of-stream/download/end-of-stream-1.4.4.tgz"
                },
                "once": {
                  "version": "https://registry.npm.taobao.org/once/download/once-1.4.0.tgz",
                  "dependencies": {
                    "wrappy": {
                      "version": "https://registry.npm.taobao.org/wrappy/download/wrappy-1.0.2.tgz",
                      "bundled": true
                    }
                  }
                }
              }
            },
            "qs": {
              "version": "https://registry.npm.taobao.org/qs/download/qs-6.9.1.tgz",
              "bundled": true
            },
            "statuses": {
              "version": "https://registry.npm.taobao.org/statuses/download/statuses-1.5.0.tgz",
              "bundled": true
            },
            "utility": {
              "version": "https://registry.npm.taobao.org/utility/download/utility-1.16.3.tgz?cache=0&sync_timestamp=1574243892588&other_urls=https%3A%2F%2Fregistry.npm.taobao.org%2Futility%2Fdownload%2Futility-1.16.3.tgz",
              "bundled": true,
              "dependencies": {
                "copy-to": {
                  "version": "https://registry.npm.taobao.org/copy-to/download/copy-to-2.0.1.tgz"
                },
                "escape-html": {
                  "version": "https://registry.npm.taobao.org/escape-html/download/escape-html-1.0.3.tgz"
                },
                "mkdirp": {
                  "version": "https://registry.npm.taobao.org/mkdirp/download/mkdirp-0.5.1.tgz"
                },
                "mz": {
                  "version": "https://registry.npm.taobao.org/mz/download/mz-2.7.0.tgz"
                },
                "unescape": {
                  "version": "https://registry.npm.taobao.org/unescape/download/unescape-1.0.1.tgz",
                  "dependencies": {}
                }
              }
            }
          }
        },
        "utility": {
          "version": "https://registry.npm.taobao.org/utility/download/utility-1.16.3.tgz?cache=0&sync_timestamp=1574243892588&other_urls=https%3A%2F%2Fregistry.npm.taobao.org%2Futility%2Fdownload%2Futility-1.16.3.tgz",
          "bundled": true,
          "dependencies": {
            "copy-to": {
              "version": "https://registry.npm.taobao.org/copy-to/download/copy-to-2.0.1.tgz"
            },
            "escape-html": {
              "version": "https://registry.npm.taobao.org/escape-html/download/escape-html-1.0.3.tgz"
            },
            "mkdirp": {
              "version": "https://registry.npm.taobao.org/mkdirp/download/mkdirp-0.5.1.tgz"
            },
            "mz": {
              "version": "https://registry.npm.taobao.org/mz/download/mz-2.7.0.tgz"
            },
            "unescape": {
              "version": "https://registry.npm.taobao.org/unescape/download/unescape-1.0.1.tgz",
              "dependencies": {}
            }
          }
        },
        "ylru": {
          "version": "https://registry.npm.taobao.org/ylru/download/ylru-1.2.1.tgz",
          "bundled": true
        }
      }
    },
    "egg-bin": {
      "version": "4.14.0",
      "resolved": "https://registry.npm.taobao.org/egg-bin/download/egg-bin-4.14.0.tgz",
      "dev": true,
      "dependencies": {
        "autod": {
          "version": "https://registry.npm.taobao.org/autod/download/autod-3.1.0.tgz",
          "bundled": true
        },
        "chalk": {
          "version": "https://registry.npm.taobao.org/chalk/download/chalk-2.4.2.tgz?cache=0&sync_timestamp=1573282918610&other_urls=https%3A%2F%2Fregistry.npm.taobao.org%2Fchalk%2Fdownload%2Fchalk-2.4.2.tgz",
          "bundled": true,
          "dependencies": {
            "ansi-styles": {
              "version": "https://registry.npm.taobao.org/ansi-styles/download/ansi-styles-3.2.1.tgz?cache=0&sync_timestamp=1573557674483&other_urls=https%3A%2F%2Fregistry.npm.taobao.org%2Fansi-styles%2Fdownload%2Fansi-styles-3.2.1.tgz",
              "bundled": true
            },
            "escape-string-regexp": {
              "version": "https://registry.npm.taobao.org/escape-string-regexp/download/escape-string-regexp-1.0.5.tgz",
              "bundled": true
            },
            "supports-color": {
              "version": "https://registry.npm.taobao.org/supports-color/download/supports-color-5.5.0.tgz?cache=0&other_urls=https%3A%2F%2Fregistry.npm.taobao.org%2Fsupports-color%2Fdownload%2Fsupports-color-5.5.0.tgz",
              "bundled": true
            }
          }
        },
        "co-mocha": {
          "version": "https://registry.npm.taobao.org/co-mocha/download/co-mocha-1.2.2.tgz",
          "bundled": true
        },
        "common-bin": {
          "version": "https://registry.npm.taobao.org/common-bin/download/common-bin-2.8.2.tgz",
          "bundled": true
        },
        "debug": {
          "version": "https://registry.npm.taobao.org/debug/download/debug-4.1.1.tgz",
          "bundled": true,
          "dependencies": {
            "ms": {
              "version": "https://registry.npm.taobao.org/ms/download/ms-2.1.2.tgz",
              "bundled": true
            }
          }
        },
        "detect-port": {
          "version": "https://registry.npm.taobao.org/detect-port/download/detect-port-1.3.0.tgz",
          "bundled": true,
          "dependencies": {
            "address": {
              "version": "https://registry.npm.taobao.org/address/download/address-1.1.2.tgz",
              "bundled": true
            },
            "debug": {
              "version": "https://registry.npm.taobao.org/debug/download/debug-2.6.9.tgz",
              "bundled": true,
              "dependencies": {
                "ms": {
                  "version": "https://registry.npm.taobao.org/ms/download/ms-2.0.0.tgz"
                }
              }
            }
          }
        },
        "egg-ts-helper": {
          "version": "https://registry.npm.taobao.org/egg-ts-helper/download/egg-ts-helper-1.25.6.tgz",
          "bundled": true
        },
        "egg-utils": {
          "version": "https://registry.npm.taobao.org/egg-utils/download/egg-utils-2.4.1.tgz",
          "bundled": true,
          "dependencies": {
            "mkdirp": {
              "version": "https://registry.npm.taobao.org/mkdirp/download/mkdirp-0.5.1.tgz",
              "dependencies": {
                "minimist": {
                  "version": "https://registry.npm.taobao.org/minimist/download/minimist-0.0.8.tgz"
                }
              }
            },
            "utility": {
              "version": "https://registry.npm.taobao.org/utility/download/utility-1.16.3.tgz?cache=0&sync_timestamp=1574243892588&other_urls=https%3A%2F%2Fregistry.npm.taobao.org%2Futility%2Fdownload%2Futility-1.16.3.tgz",
              "dependencies": {
                "copy-to": {
                  "version": "https://registry.npm.taobao.org/copy-to/download/copy-to-2.0.1.tgz"
                },
                "escape-html": {
                  "version": "https://registry.npm.taobao.org/escape-html/download/escape-html-1.0.3.tgz"
                },
                "mkdirp": {
                  "version": "https://registry.npm.taobao.org/mkdirp/download/mkdirp-0.5.1.tgz"
                },
                "mz": {
                  "version": "https://registry.npm.taobao.org/mz/download/mz-2.7.0.tgz"
                },
                "unescape": {
                  "version": "https://registry.npm.taobao.org/unescape/download/unescape-1.0.1.tgz",
                  "dependencies": {}
                }
              }
            }
          }
        },
        "espower-typescript": {
          "version": "https://registry.npm.taobao.org/espower-typescript/download/espower-typescript-9.0.1.tgz",
          "bundled": true
        },
        "globby": {
          "version": "https://registry.npm.taobao.org/globby/download/globby-9.2.0.tgz",
          "bundled": true
        },
        "inspector-proxy": {
          "version": "https://registry.npm.taobao.org/inspector-proxy/download/inspector-proxy-1.2.1.tgz",
          "bundled": true
        },
        "intelli-espower-loader": {
          "version": "https://registry.npm.taobao.org/intelli-espower-loader/download/intelli-espower-loader-1.0.1.tgz",
          "bundled": true,
          "dependencies": {
            "espower-loader": {
              "version": "https://registry.npm.taobao.org/espower-loader/download/espower-loader-1.2.2.tgz"
            }
          }
        },
        "jest-changed-files": {
          "version": "https://registry.npm.taobao.org/jest-changed-files/download/jest-changed-files-24.9.0.tgz",
          "bundled": true
        },
        "mocha": {
          "version": "https://registry.npm.taobao.org/mocha/download/mocha-6.2.2.tgz?cache=0&sync_timestamp=1571432603482&other_urls=https%3A%2F%2Fregistry.npm.taobao.org%2Fmocha%2Fdownload%2Fmocha-6.2.2.tgz",
          "bundled": true
        },
        "mz-modules": {
          "version": "https://registry.npm.taobao.org/mz-modules/download/mz-modules-2.1.0.tgz",
          "bundled": true,
          "dependencies": {
            "glob": {
              "version": "https://registry.npm.taobao.org/glob/download/glob-7.1.6.tgz?cache=0&sync_timestamp=1573078079496&other_urls=https%3A%2F%2Fregistry.npm.taobao.org%2Fglob%2Fdownload%2Fglob-7.1.6.tgz",
              "dependencies": {}
            },
            "ko-sleep": {
              "version": "https://registry.npm.taobao.org/ko-sleep/download/ko-sleep-1.0.3.tgz"
            },
            "mkdirp": {
              "version": "https://registry.npm.taobao.org/mkdirp/download/mkdirp-0.5.1.tgz",
              "dependencies": {}
            },
            "pump": {
              "version": "https://registry.npm.taobao.org/pump/download/pump-3.0.0.tgz"
            },
            "rimraf": {
              "version": "https://registry.npm.taobao.org/rimraf/download/rimraf-2.7.1.tgz?cache=0&sync_timestamp=1569342479629&other_urls=https%3A%2F%2Fregistry.npm.taobao.org%2Frimraf%2Fdownload%2Frimraf-2.7.1.tgz",
              "dependencies": {}
            }
          }
        },
        "nyc": {
          "version": "https://registry.npm.taobao.org/nyc/download/nyc-13.3.0.tgz?cache=0&sync_timestamp=1574101913226&other_urls=https%3A%2F%2Fregistry.npm.taobao.org%2Fnyc%2Fdownload%2Fnyc-13.3.0.tgz",
          "bundled": true
        },
        "power-assert": {
          "version": "https://registry.npm.taobao.org/power-assert/download/power-assert-1.6.1.tgz",
          "bundled": true
        },
        "semver": {
          "version": "https://registry.npm.taobao.org/semver/download/semver-6.3.0.tgz",
          "bundled": true
        },
        "test-exclude": {
          "version": "https://registry.npm.taobao.org/test-exclude/download/test-exclude-5.2.3.tgz",
          "bundled": true
        },
        "ts-node": {
          "version": "https://registry.npm.taobao.org/ts-node/download/ts-node-7.0.1.tgz?cache=0&sync_timestamp=1573786901954&other_urls=https%3A%2F%2Fregistry.npm.taobao.org%2Fts-node%2Fdownload%2Fts-node-7.0.1.tgz",
          "bundled": true,
          "dependencies": {
            "arrify": {
              "version": "https://registry.npm.taobao.org/arrify/download/arrify-1.0.1.tgz",
              "bundled": true
            },
            "buffer-from": {
              "version": "https://registry.npm.taobao.org/buffer-from/download/buffer-from-1.1.1.tgz",
              "bundled": true
            },
            "diff": {
              "version": "https://registry.npm.taobao.org/diff/download/diff-3.5.0.tgz?cache=0&other_urls=https%3A%2F%2Fregistry.npm.taobao.org%2Fdiff%2Fdownload%2Fdiff-3.5.0.tgz",
              "bundled": true
            },
            "make-error": {
              "version": "https://registry.npm.taobao.org/make-error/download/make-error-1.3.5.tgz",
              "bundled": true
            },
            "minimist": {
              "version": "https://registry.npm.taobao.org/minimist/download/minimist-1.2.0.tgz",
              "bundled": true
            },
            "mkdirp": {
              "version": "https://registry.npm.taobao.org/mkdirp/download/mkdirp-0.5.1.tgz",
              "bundled": true,
              "dependencies": {
                "minimist": {
                  "version": "https://registry.npm.taobao.org/minimist/download/minimist-0.0.8.tgz"
                }
              }
            },
            "source-map-support": {
              "version": "https://registry.npm.taobao.org/source-map-support/download/source-map-support-0.5.16.tgz?cache=0&sync_timestamp=1572390065703&other_urls=https%3A%2F%2Fregistry.npm.taobao.org%2Fsource-map-support%2Fdownload%2Fsource-map-support-0.5.16.tgz",
              "bundled": true
            },
            "yn": {
              "version": "https://registry.npm.taobao.org/yn/download/yn-2.0.0.tgz",
              "bundled": true
            }
          }
        },
        "ypkgfiles": {
          "version": "https://registry.npm.taobao.org/ypkgfiles/download/ypkgfiles-1.6.0.tgz",
          "bundled": true
        }
      }
    },
    "egg-view-nunjucks": {
      "version": "2.2.0",
      "resolved": "https://registry.npm.taobao.org/egg-view-nunjucks/download/egg-view-nunjucks-2.2.0.tgz"
    },
    "koa-is-json": {
      "version": "1.0.0",
      "resolved": "https://registry.npmjs.org/koa-is-json/-/koa-is-json-1.0.0.tgz",
      "integrity": "sha1-JzwH7c3Ljfaiwat9We52SRRR7BQ="
    }
  }
}
